
Microsoft Visual Studio Solution File, Format Version 12.00
# Visual Studio Version 17
VisualStudioVersion = 17.5.002.0
MinimumVisualStudioVersion = 10.0.40219.1
Project("{9A19103F-16F7-4668-BE54-9A1E7A4F7556}") = "NeuronPlataforma.Server", "NeuronPlataforma.Server.csproj", "{717F58B9-1554-4881-A5F8-A87084B6511F}"
EndProject
Global
	GlobalSection(SolutionConfigurationPlatforms) = preSolution
		Debug|Any CPU = Debug|Any CPU
		Release|Any CPU = Release|Any CPU
	EndGlobalSection
	GlobalSection(ProjectConfigurationPlatforms) = postSolution
		{717F58B9-1554-4881-A5F8-A87084B6511F}.Debug|Any CPU.ActiveCfg = Debug|Any CPU
		{717F58B9-1554-4881-A5F8-A87084B6511F}.Debug|Any CPU.Build.0 = Debug|Any CPU
		{717F58B9-1554-4881-A5F8-A87084B6511F}.Release|Any CPU.ActiveCfg = Release|Any CPU
		{717F58B9-1554-4881-A5F8-A87084B6511F}.Release|Any CPU.Build.0 = Release|Any CPU
	EndGlobalSection
	GlobalSection(SolutionProperties) = preSolution
		HideSolutionNode = FALSE
	EndGlobalSection
	GlobalSection(ExtensibilityGlobals) = postSolution
		SolutionGuid = {C4179348-C8B7-42DD-94B2-3F88792D54A4}
	EndGlobalSection
EndGlobal
